
Microsoft Visual Studio Solution File, Format Version 12.00
# Visual Studio 15
VisualStudioVersion = 15.0.27703.2035
MinimumVisualStudioVersion = 10.0.40219.1
Project("{2150E333-8FDC-42A3-9474-1A3956D46DE8}") = "Array", "Array", "{3110C6BC-1995-4FDE-BA86-B7C2EA54B1A9}"
EndProject
Project("{2150E333-8FDC-42A3-9474-1A3956D46DE8}") = "Cache", "Cache", "{4B65B8F9-C7D8-4A49-A08F-3EDE117BA05D}"
EndProject
Project("{FAE04EC0-301F-11D3-BF4B-00C04F79EFBC}") = "LruCache", "Cache\LruCache\LruCache.csproj", "{8B396BCE-D48C-41D2-AAA3-15F2C57C6ECD}"
EndProject
Project("{FAE04EC0-301F-11D3-BF4B-00C04F79EFBC}") = "Find2ndMaxNumber", "Arrays\Find2ndMaxNumber\Find2ndMaxNumber.csproj", "{B66874DC-23DF-461E-BCE2-DA8A03D348FD}"
EndProject
Project("{FAE04EC0-301F-11D3-BF4B-00C04F79EFBC}") = "FindDuplicatedElementInArray", "Arrays\FindDuplicatedElementInArray\FindDuplicatedElementInArray.csproj", "{CCC4ED4A-4B50-437C-868A-FD2EBF1CCDD4}"
EndProject
Project("{FAE04EC0-301F-11D3-BF4B-00C04F79EFBC}") = "FIndNBiggestNumberInArray", "Arrays\FIndNBiggestNumberInArray\FIndNBiggestNumberInArray.csproj", "{99070B34-51D3-42B2-B9CE-51B35C2FC71C}"
EndProject
Global
	GlobalSection(SolutionConfigurationPlatforms) = preSolution
		Debug|Any CPU = Debug|Any CPU
		Release|Any CPU = Release|Any CPU
	EndGlobalSection
	GlobalSection(ProjectConfigurationPlatforms) = postSolution
		{8B396BCE-D48C-41D2-AAA3-15F2C57C6ECD}.Debug|Any CPU.ActiveCfg = Debug|Any CPU
		{8B396BCE-D48C-41D2-AAA3-15F2C57C6ECD}.Debug|Any CPU.Build.0 = Debug|Any CPU
		{8B396BCE-D48C-41D2-AAA3-15F2C57C6ECD}.Release|Any CPU.ActiveCfg = Release|Any CPU
		{8B396BCE-D48C-41D2-AAA3-15F2C57C6ECD}.Release|Any CPU.Build.0 = Release|Any CPU
		{B66874DC-23DF-461E-BCE2-DA8A03D348FD}.Debug|Any CPU.ActiveCfg = Debug|Any CPU
		{B66874DC-23DF-461E-BCE2-DA8A03D348FD}.Debug|Any CPU.Build.0 = Debug|Any CPU
		{B66874DC-23DF-461E-BCE2-DA8A03D348FD}.Release|Any CPU.ActiveCfg = Release|Any CPU
		{B66874DC-23DF-461E-BCE2-DA8A03D348FD}.Release|Any CPU.Build.0 = Release|Any CPU
		{CCC4ED4A-4B50-437C-868A-FD2EBF1CCDD4}.Debug|Any CPU.ActiveCfg = Debug|Any CPU
		{CCC4ED4A-4B50-437C-868A-FD2EBF1CCDD4}.Debug|Any CPU.Build.0 = Debug|Any CPU
		{CCC4ED4A-4B50-437C-868A-FD2EBF1CCDD4}.Release|Any CPU.ActiveCfg = Release|Any CPU
		{CCC4ED4A-4B50-437C-868A-FD2EBF1CCDD4}.Release|Any CPU.Build.0 = Release|Any CPU
		{99070B34-51D3-42B2-B9CE-51B35C2FC71C}.Debug|Any CPU.ActiveCfg = Debug|Any CPU
		{99070B34-51D3-42B2-B9CE-51B35C2FC71C}.Debug|Any CPU.Build.0 = Debug|Any CPU
		{99070B34-51D3-42B2-B9CE-51B35C2FC71C}.Release|Any CPU.ActiveCfg = Release|Any CPU
		{99070B34-51D3-42B2-B9CE-51B35C2FC71C}.Release|Any CPU.Build.0 = Release|Any CPU
	EndGlobalSection
	GlobalSection(SolutionProperties) = preSolution
		HideSolutionNode = FALSE
	EndGlobalSection
	GlobalSection(NestedProjects) = preSolution
		{8B396BCE-D48C-41D2-AAA3-15F2C57C6ECD} = {4B65B8F9-C7D8-4A49-A08F-3EDE117BA05D}
		{B66874DC-23DF-461E-BCE2-DA8A03D348FD} = {3110C6BC-1995-4FDE-BA86-B7C2EA54B1A9}
		{CCC4ED4A-4B50-437C-868A-FD2EBF1CCDD4} = {3110C6BC-1995-4FDE-BA86-B7C2EA54B1A9}
		{99070B34-51D3-42B2-B9CE-51B35C2FC71C} = {3110C6BC-1995-4FDE-BA86-B7C2EA54B1A9}
	EndGlobalSection
	GlobalSection(ExtensibilityGlobals) = postSolution
		SolutionGuid = {6B0630FB-B196-486E-A808-A3B6B8299876}
	EndGlobalSection
EndGlobal
